
Microsoft Visual Studio Solution File, Format Version 12.00
# Visual Studio Version 17
VisualStudioVersion = 17.9.34728.123
MinimumVisualStudioVersion = 10.0.40219.1
Project("{FAE04EC0-301F-11D3-BF4B-00C04F79EFBC}") = "Syrophage", "Syrophage\Syrophage.csproj", "{6B56012C-B9FE-4EAA-996D-1E3ACB2B4652}"
EndProject
Global
	GlobalSection(SolutionConfigurationPlatforms) = preSolution
		Debug|Any CPU = Debug|Any CPU
		Release|Any CPU = Release|Any CPU
	EndGlobalSection
	GlobalSection(ProjectConfigurationPlatforms) = postSolution
		{6B56012C-B9FE-4EAA-996D-1E3ACB2B4652}.Debug|Any CPU.ActiveCfg = Debug|Any CPU
		{6B56012C-B9FE-4EAA-996D-1E3ACB2B4652}.Debug|Any CPU.Build.0 = Debug|Any CPU
		{6B56012C-B9FE-4EAA-996D-1E3ACB2B4652}.Release|Any CPU.ActiveCfg = Release|Any CPU
		{6B56012C-B9FE-4EAA-996D-1E3ACB2B4652}.Release|Any CPU.Build.0 = Release|Any CPU
	EndGlobalSection
	GlobalSection(SolutionProperties) = preSolution
		HideSolutionNode = FALSE
	EndGlobalSection
	GlobalSection(ExtensibilityGlobals) = postSolution
		SolutionGuid = {BA84C2AF-74F2-401D-B19C-49109823D3CD}
	EndGlobalSection
EndGlobal
